
Microsoft Visual Studio Solution File, Format Version 12.00
# Visual Studio Version 16
VisualStudioVersion = 16.0.31025.194
MinimumVisualStudioVersion = 10.0.40219.1
Project("{9A19103F-16F7-4668-BE54-9A1E7A4F7556}") = "Project", "Project.csproj", "{084D1C76-2184-4A98-9A35-2A232F98F0DE}"
EndProject
Global
	GlobalSection(SolutionConfigurationPlatforms) = preSolution
		Debug|Any CPU = Debug|Any CPU
		Release|Any CPU = Release|Any CPU
	EndGlobalSection
	GlobalSection(ProjectConfigurationPlatforms) = postSolution
		{084D1C76-2184-4A98-9A35-2A232F98F0DE}.Debug|Any CPU.ActiveCfg = Debug|Any CPU
		{084D1C76-2184-4A98-9A35-2A232F98F0DE}.Debug|Any CPU.Build.0 = Debug|Any CPU
		{084D1C76-2184-4A98-9A35-2A232F98F0DE}.Release|Any CPU.ActiveCfg = Release|Any CPU
		{084D1C76-2184-4A98-9A35-2A232F98F0DE}.Release|Any CPU.Build.0 = Release|Any CPU
	EndGlobalSection
	GlobalSection(SolutionProperties) = preSolution
		HideSolutionNode = FALSE
	EndGlobalSection
	GlobalSection(ExtensibilityGlobals) = postSolution
		SolutionGuid = {D14A9827-3554-4A67-9B17-828061E195A1}
	EndGlobalSection
EndGlobal
